
Microsoft Visual Studio Solution File, Format Version 12.00
# Visual Studio Version 17
VisualStudioVersion = 17.13.35931.197 d17.13
MinimumVisualStudioVersion = 10.0.40219.1
Project("{8BC9CEB8-8B4A-11D0-8D11-00A0C91BC942}") = "SimpleTaskManager", "SimpleTaskManager\SimpleTaskManager.vcxproj", "{9DBB6061-436E-4F07-A09A-35AB609398D9}"
EndProject
Global
	GlobalSection(SolutionConfigurationPlatforms) = preSolution
		Debug|x64 = Debug|x64
		Debug|x86 = Debug|x86
		Release|x64 = Release|x64
		Release|x86 = Release|x86
	EndGlobalSection
	GlobalSection(ProjectConfigurationPlatforms) = postSolution
		{9DBB6061-436E-4F07-A09A-35AB609398D9}.Debug|x64.ActiveCfg = Debug|x64
		{9DBB6061-436E-4F07-A09A-35AB609398D9}.Debug|x64.Build.0 = Debug|x64
		{9DBB6061-436E-4F07-A09A-35AB609398D9}.Debug|x86.ActiveCfg = Debug|Win32
		{9DBB6061-436E-4F07-A09A-35AB609398D9}.Debug|x86.Build.0 = Debug|Win32
		{9DBB6061-436E-4F07-A09A-35AB609398D9}.Release|x64.ActiveCfg = Release|x64
		{9DBB6061-436E-4F07-A09A-35AB609398D9}.Release|x64.Build.0 = Release|x64
		{9DBB6061-436E-4F07-A09A-35AB609398D9}.Release|x86.ActiveCfg = Release|Win32
		{9DBB6061-436E-4F07-A09A-35AB609398D9}.Release|x86.Build.0 = Release|Win32
	EndGlobalSection
	GlobalSection(SolutionProperties) = preSolution
		HideSolutionNode = FALSE
	EndGlobalSection
	GlobalSection(ExtensibilityGlobals) = postSolution
		SolutionGuid = {5D0CF203-036C-4F66-9807-4F3DC2795D8A}
	EndGlobalSection
EndGlobal
